// !$*UTF8*$!
{
	archiveVersion = 1;
	classes = {
	};
	objectVersion = 46;
	objects = {

/* Begin PBXBuildFile section */
		4422152B1E34C4F2006A82A0 /* AppDelegate.swift in Sources */ = {isa = PBXBuildFile; fileRef = 4422152A1E34C4F2006A82A0 /* AppDelegate.swift */; };
		4422152D1E34C4F2006A82A0 /* MapViewController.swift in Sources */ = {isa = PBXBuildFile; fileRef = 4422152C1E34C4F2006A82A0 /* MapViewController.swift */; };
		4422152F1E34C4F2006A82A0 /* SettingsViewController.swift in Sources */ = {isa = PBXBuildFile; fileRef = 4422152E1E34C4F2006A82A0 /* SettingsViewController.swift */; };
		442215321E34C4F2006A82A0 /* Main.storyboard in Resources */ = {isa = PBXBuildFile; fileRef = 442215301E34C4F2006A82A0 /* Main.storyboard */; };
		442215341E34C4F2006A82A0 /* Assets.xcassets in Resources */ = {isa = PBXBuildFile; fileRef = 442215331E34C4F2006A82A0 /* Assets.xcassets */; };
		442215371E34C4F2006A82A0 /* LaunchScreen.storyboard in Resources */ = {isa = PBXBuildFile; fileRef = 442215351E34C4F2006A82A0 /* LaunchScreen.storyboard */; };
		442215401E34CF87006A82A0 /* MapKit.framework in Frameworks */ = {isa = PBXBuildFile; fileRef = 4422153F1E34CF87006A82A0 /* MapKit.framework */; };
		77768326984C3FD260B4F912 /* Pods_HSLLiveMap.framework in Frameworks */ = {isa = PBXBuildFile; fileRef = F448ADC09E35EAFBDD324A21 /* Pods_HSLLiveMap.framework */; };
/* End PBXBuildFile section */

/* Begin PBXFileReference section */
		442215271E34C4F2006A82A0 /* HSLLiveMap.app */ = {isa = PBXFileReference; explicitFileType = wrapper.application; includeInIndex = 0; path = HSLLiveMap.app; sourceTree = BUILT_PRODUCTS_DIR; };
		4422152A1E34C4F2006A82A0 /* AppDelegate.swift */ = {isa = PBXFileReference; lastKnownFileType = sourcecode.swift; path = AppDelegate.swift; sourceTree = "<group>"; };
		4422152C1E34C4F2006A82A0 /* MapViewController.swift */ = {isa = PBXFileReference; lastKnownFileType = sourcecode.swift; path = MapViewController.swift; sourceTree = "<group>"; };
		4422152E1E34C4F2006A82A0 /* SettingsViewController.swift */ = {isa = PBXFileReference; lastKnownFileType = sourcecode.swift; path = SettingsViewController.swift; sourceTree = "<group>"; };
		442215311E34C4F2006A82A0 /* Base */ = {isa = PBXFileReference; lastKnownFileType = file.storyboard; name = Base; path = Base.lproj/Main.storyboard; sourceTree = "<group>"; };
		442215331E34C4F2006A82A0 /* Assets.xcassets */ = {isa = PBXFileReference; lastKnownFileType = folder.assetcatalog; path = Assets.xcassets; sourceTree = "<group>"; };
		442215361E34C4F2006A82A0 /* Base */ = {isa = PBXFileReference; lastKnownFileType = file.storyboard; name = Base; path = Base.lproj/LaunchScreen.storyboard; sourceTree = "<group>"; };
		442215381E34C4F2006A82A0 /* Info.plist */ = {isa = PBXFileReference; lastKnownFileType = text.plist.xml; path = Info.plist; sourceTree = "<group>"; };
		4422153F1E34CF87006A82A0 /* MapKit.framework */ = {isa = PBXFileReference; lastKnownFileType = wrapper.framework; name = MapKit.framework; path = System/Library/Frameworks/MapKit.framework; sourceTree = SDKROOT; };
		84E22010D93CB83669ECE828 /* Pods-HSLLiveMap.release.xcconfig */ = {isa = PBXFileReference; includeInIndex = 1; lastKnownFileType = text.xcconfig; name = "Pods-HSLLiveMap.release.xcconfig"; path = "Pods/Target Support Files/Pods-HSLLiveMap/Pods-HSLLiveMap.release.xcconfig"; sourceTree = "<group>"; };
		DE4247064B86BFF5CF5AE2AD /* Pods-HSLLiveMap.debug.xcconfig */ = {isa = PBXFileReference; includeInIndex = 1; lastKnownFileType = text.xcconfig; name = "Pods-HSLLiveMap.debug.xcconfig"; path = "Pods/Target Support Files/Pods-HSLLiveMap/Pods-HSLLiveMap.debug.xcconfig"; sourceTree = "<group>"; };
		F448ADC09E35EAFBDD324A21 /* Pods_HSLLiveMap.framework */ = {isa = PBXFileReference; explicitFileType = wrapper.framework; includeInIndex = 0; path = Pods_HSLLiveMap.framework; sourceTree = BUILT_PRODUCTS_DIR; };
/* End PBXFileReference section */

/* Begin PBXFrameworksBuildPhase section */
		442215241E34C4F2006A82A0 /* Frameworks */ = {
			isa = PBXFrameworksBuildPhase;
			buildActionMask = 2147483647;
			files = (
				442215401E34CF87006A82A0 /* MapKit.framework in Frameworks */,
				77768326984C3FD260B4F912 /* Pods_HSLLiveMap.framework in Frameworks */,
			);
			runOnlyForDeploymentPostprocessing = 0;
		};
/* End PBXFrameworksBuildPhase section */

/* Begin PBXGroup section */
		2F1BE6C36222BAE38AB82027 /* Pods */ = {
			isa = PBXGroup;
			children = (
				DE4247064B86BFF5CF5AE2AD /* Pods-HSLLiveMap.debug.xcconfig */,
				84E22010D93CB83669ECE828 /* Pods-HSLLiveMap.release.xcconfig */,
			);
			name = Pods;
			sourceTree = "<group>";
		};
		4422151E1E34C4F2006A82A0 = {
			isa = PBXGroup;
			children = (
				442215291E34C4F2006A82A0 /* HSLLiveMap */,
				442215281E34C4F2006A82A0 /* Products */,
				2F1BE6C36222BAE38AB82027 /* Pods */,
				F77B76B204F8EF518F498807 /* Frameworks */,
			);
			sourceTree = "<group>";
		};
		442215281E34C4F2006A82A0 /* Products */ = {
			isa = PBXGroup;
			children = (
				442215271E34C4F2006A82A0 /* HSLLiveMap.app */,
			);
			name = Products;
			sourceTree = "<group>";
		};
		442215291E34C4F2006A82A0 /* HSLLiveMap */ = {
			isa = PBXGroup;
			children = (
				4422152A1E34C4F2006A82A0 /* AppDelegate.swift */,
				4422152C1E34C4F2006A82A0 /* MapViewController.swift */,
				4422152E1E34C4F2006A82A0 /* SettingsViewController.swift */,
				442215301E34C4F2006A82A0 /* Main.storyboard */,
				442215331E34C4F2006A82A0 /* Assets.xcassets */,
				442215351E34C4F2006A82A0 /* LaunchScreen.storyboard */,
				442215381E34C4F2006A82A0 /* Info.plist */,
			);
			path = HSLLiveMap;
			sourceTree = "<group>";
		};
		F77B76B204F8EF518F498807 /* Frameworks */ = {
			isa = PBXGroup;
			children = (
				4422153F1E34CF87006A82A0 /* MapKit.framework */,
				F448ADC09E35EAFBDD324A21 /* Pods_HSLLiveMap.framework */,
			);
			name = Frameworks;
			sourceTree = "<group>";
		};
/* End PBXGroup section */

/* Begin PBXNativeTarget section */
		442215261E34C4F2006A82A0 /* HSLLiveMap */ = {
			isa = PBXNativeTarget;
			buildConfigurationList = 4422153B1E34C4F2006A82A0 /* Build configuration list for PBXNativeTarget "HSLLiveMap" */;
			buildPhases = (
				AFF63DCD387A9ED3E9A20045 /* [CP] Check Pods Manifest.lock */,
				442215231E34C4F2006A82A0 /* Sources */,
				442215241E34C4F2006A82A0 /* Frameworks */,
				442215251E34C4F2006A82A0 /* Resources */,
				9A3F2CB08B7016CFFDDA400C /* [CP] Embed Pods Frameworks */,
				AAB916D889C6309D6EF1BEF7 /* [CP] Copy Pods Resources */,
			);
			buildRules = (
			);
			dependencies = (
			);
			name = HSLLiveMap;
			productName = HSLLiveMap;
			productReference = 442215271E34C4F2006A82A0 /* HSLLiveMap.app */;
			productType = "com.apple.product-type.application";
		};
/* End PBXNativeTarget section */

/* Begin PBXProject section */
		4422151F1E34C4F2006A82A0 /* Project object */ = {
			isa = PBXProject;
			attributes = {
				LastSwiftUpdateCheck = 0820;
				LastUpgradeCheck = 0820;
				ORGANIZATIONNAME = "Joni Nevalainen";
				TargetAttributes = {
					442215261E34C4F2006A82A0 = {
						CreatedOnToolsVersion = 8.2.1;
						ProvisioningStyle = Automatic;
					};
				};
			};
			buildConfigurationList = 442215221E34C4F2006A82A0 /* Build configuration list for PBXProject "HSLLiveMap" */;
			compatibilityVersion = "Xcode 3.2";
			developmentRegion = English;
			hasScannedForEncodings = 0;
			knownRegions = (
				en,
				Base,
			);
			mainGroup = 4422151E1E34C4F2006A82A0;
			productRefGroup = 442215281E34C4F2006A82A0 /* Products */;
			projectDirPath = "";
			projectRoot = "";
			targets = (
				442215261E34C4F2006A82A0 /* HSLLiveMap */,
			);
		};
/* End PBXProject section */

/* Begin PBXResourcesBuildPhase section */
		442215251E34C4F2006A82A0 /* Resources */ = {
			isa = PBXResourcesBuildPhase;
			buildActionMask = 2147483647;
			files = (
				442215371E34C4F2006A82A0 /* LaunchScreen.storyboard in Resources */,
				442215341E34C4F2006A82A0 /* Assets.xcassets in Resources */,
				442215321E34C4F2006A82A0 /* Main.storyboard in Resources */,
			);
			runOnlyForDeploymentPostprocessing = 0;
		};
/* End PBXResourcesBuildPhase section */

/* Begin PBXShellScriptBuildPhase section */
		9A3F2CB08B7016CFFDDA400C /* [CP] Embed Pods Frameworks */ = {
			isa = PBXShellScriptBuildPhase;
			buildActionMask = 2147483647;
			files = (
			);
			inputPaths = (
			);
			name = "[CP] Embed Pods Frameworks";
			outputPaths = (
			);
			runOnlyForDeploymentPostprocessing = 0;
			shellPath = /bin/sh;
			shellScript = "\"${SRCROOT}/Pods/Target Support Files/Pods-HSLLiveMap/Pods-HSLLiveMap-frameworks.sh\"\n";
			showEnvVarsInLog = 0;
		};
		AAB916D889C6309D6EF1BEF7 /* [CP] Copy Pods Resources */ = {
			isa = PBXShellScriptBuildPhase;
			buildActionMask = 2147483647;
			files = (
			);
			inputPaths = (
			);
			name = "[CP] Copy Pods Resources";
			outputPaths = (
			);
			runOnlyForDeploymentPostprocessing = 0;
			shellPath = /bin/sh;
			shellScript = "\"${SRCROOT}/Pods/Target Support Files/Pods-HSLLiveMap/Pods-HSLLiveMap-resources.sh\"\n";
			showEnvVarsInLog = 0;
		};
		AFF63DCD387A9ED3E9A20045 /* [CP] Check Pods Manifest.lock */ = {
			isa = PBXShellScriptBuildPhase;
			buildActionMask = 2147483647;
			files = (
			);
			inputPaths = (
			);
			name = "[CP] Check Pods Manifest.lock";
			outputPaths = (
			);
			runOnlyForDeploymentPostprocessing = 0;
			shellPath = /bin/sh;
			shellScript = "diff \"${PODS_ROOT}/../Podfile.lock\" \"${PODS_ROOT}/Manifest.lock\" > /dev/null\nif [ $? != 0 ] ; then\n    # print error to STDERR\n    echo \"error: The sandbox is not in sync with the Podfile.lock. Run 'pod install' or update your CocoaPods installation.\" >&2\n    exit 1\nfi\n";
			showEnvVarsInLog = 0;
		};
/* End PBXShellScriptBuildPhase section */

/* Begin PBXSourcesBuildPhase section */
		442215231E34C4F2006A82A0 /* Sources */ = {
			isa = PBXSourcesBuildPhase;
			buildActionMask = 2147483647;
			files = (
				4422152F1E34C4F2006A82A0 /* SettingsViewController.swift in Sources */,
				4422152B1E34C4F2006A82A0 /* AppDelegate.swift in Sources */,
				4422152D1E34C4F2006A82A0 /* MapViewController.swift in Sources */,
			);
			runOnlyForDeploymentPostprocessing = 0;
		};
/* End PBXSourcesBuildPhase section */

/* Begin PBXVariantGroup section */
		442215301E34C4F2006A82A0 /* Main.storyboard */ = {
			isa = PBXVariantGroup;
			children = (
				442215311E34C4F2006A82A0 /* Base */,
			);
			name = Main.storyboard;
			sourceTree = "<group>";
		};
		442215351E34C4F2006A82A0 /* LaunchScreen.storyboard */ = {
			isa = PBXVariantGroup;
			children = (
				442215361E34C4F2006A82A0 /* Base */,
			);
			name = LaunchScreen.storyboard;
			sourceTree = "<group>";
		};
/* End PBXVariantGroup section */

/* Begin XCBuildConfiguration section */
		442215391E34C4F2006A82A0 /* Debug */ = {
			isa = XCBuildConfiguration;
			buildSettings = {
				ALWAYS_SEARCH_USER_PATHS = NO;
				CLANG_ANALYZER_NONNULL = YES;
				CLANG_CXX_LANGUAGE_STANDARD = "gnu++0x";
				CLANG_CXX_LIBRARY = "libc++";
				CLANG_ENABLE_MODULES = YES;
				CLANG_ENABLE_OBJC_ARC = YES;
				CLANG_WARN_BOOL_CONVERSION = YES;
				CLANG_WARN_CONSTANT_CONVERSION = YES;
				CLANG_WARN_DIRECT_OBJC_ISA_USAGE = YES_ERROR;
				CLANG_WARN_DOCUMENTATION_COMMENTS = YES;
				CLANG_WARN_EMPTY_BODY = YES;
				CLANG_WARN_ENUM_CONVERSION = YES;
				CLANG_WARN_INFINITE_RECURSION = YES;
				CLANG_WARN_INT_CONVERSION = YES;
				CLANG_WARN_OBJC_ROOT_CLASS = YES_ERROR;
				CLANG_WARN_SUSPICIOUS_MOVE = YES;
				CLANG_WARN_UNREACHABLE_CODE = YES;
				CLANG_WARN__DUPLICATE_METHOD_MATCH = YES;
				"CODE_SIGN_IDENTITY[sdk=iphoneos*]" = "iPhone Developer";
				COPY_PHASE_STRIP = NO;
				DEBUG_INFORMATION_FORMAT = dwarf;
				ENABLE_STRICT_OBJC_MSGSEND = YES;
				ENABLE_TESTABILITY = YES;
				GCC_C_LANGUAGE_STANDARD = gnu99;
				GCC_DYNAMIC_NO_PIC = NO;
				GCC_NO_COMMON_BLOCKS = YES;
				GCC_OPTIMIZATION_LEVEL = 0;
				GCC_PREPROCESSOR_DEFINITIONS = (
					"DEBUG=1",
					"$(inherited)",
				);
				GCC_WARN_64_TO_32_BIT_CONVERSION = YES;
				GCC_WARN_ABOUT_RETURN_TYPE = YES_ERROR;
				GCC_WARN_UNDECLARED_SELECTOR = YES;
				GCC_WARN_UNINITIALIZED_AUTOS = YES_AGGRESSIVE;
				GCC_WARN_UNUSED_FUNCTION = YES;
				GCC_WARN_UNUSED_VARIABLE = YES;
				IPHONEOS_DEPLOYMENT_TARGET = 10.2;
				MTL_ENABLE_DEBUG_INFO = YES;
				ONLY_ACTIVE_ARCH = YES;
				SDKROOT = iphoneos;
				SWIFT_ACTIVE_COMPILATION_CONDITIONS = DEBUG;
				SWIFT_OPTIMIZATION_LEVEL = "-Onone";
			};
			name = Debug;
		};
		4422153A1E34C4F2006A82A0 /* Release */ = {
			isa = XCBuildConfiguration;
			buildSettings = {
				ALWAYS_SEARCH_USER_PATHS = NO;
				CLANG_ANALYZER_NONNULL = YES;
				CLANG_CXX_LANGUAGE_STANDARD = "gnu++0x";
				CLANG_CXX_LIBRARY = "libc++";
				CLANG_ENABLE_MODULES = YES;
				CLANG_ENABLE_OBJC_ARC = YES;
				CLANG_WARN_BOOL_CONVERSION = YES;
				CLANG_WARN_CONSTANT_CONVERSION = YES;
				CLANG_WARN_DIRECT_OBJC_ISA_USAGE = YES_ERROR;
				CLANG_WARN_DOCUMENTATION_COMMENTS = YES;
				CLANG_WARN_EMPTY_BODY = YES;
				CLANG_WARN_ENUM_CONVERSION = YES;
				CLANG_WARN_INFINITE_RECURSION = YES;
				CLANG_WARN_INT_CONVERSION = YES;
				CLANG_WARN_OBJC_ROOT_CLASS = YES_ERROR;
				CLANG_WARN_SUSPICIOUS_MOVE = YES;
				CLANG_WARN_UNREACHABLE_CODE = YES;
				CLANG_WARN__DUPLICATE_METHOD_MATCH = YES;
				"CODE_SIGN_IDENTITY[sdk=iphoneos*]" = "iPhone Developer";
				COPY_PHASE_STRIP = NO;
				DEBUG_INFORMATION_FORMAT = "dwarf-with-dsym";
				ENABLE_NS_ASSERTIONS = NO;
				ENABLE_STRICT_OBJC_MSGSEND = YES;
				GCC_C_LANGUAGE_STANDARD = gnu99;
				GCC_NO_COMMON_BLOCKS = YES;
				GCC_WARN_64_TO_32_BIT_CONVERSION = YES;
				GCC_WARN_ABOUT_RETURN_TYPE = YES_ERROR;
				GCC_WARN_UNDECLARED_SELECTOR = YES;
				GCC_WARN_UNINITIALIZED_AUTOS = YES_AGGRESSIVE;
				GCC_WARN_UNUSED_FUNCTION = YES;
				GCC_WARN_UNUSED_VARIABLE = YES;
				IPHONEOS_DEPLOYMENT_TARGET = 10.2;
				MTL_ENABLE_DEBUG_INFO = NO;
				SDKROOT = iphoneos;
				SWIFT_OPTIMIZATION_LEVEL = "-Owholemodule";
				VALIDATE_PRODUCT = YES;
			};
			name = Release;
		};
		4422153C1E34C4F2006A82A0 /* Debug */ = {
			isa = XCBuildConfiguration;
			baseConfigurationReference = DE4247064B86BFF5CF5AE2AD /* Pods-HSLLiveMap.debug.xcconfig */;
			buildSettings = {
				ASSETCATALOG_COMPILER_APPICON_NAME = AppIcon;
				INFOPLIST_FILE = HSLLiveMap/Info.plist;
				LD_RUNPATH_SEARCH_PATHS = "$(inherited) @executable_path/Frameworks";
				PRODUCT_BUNDLE_IDENTIFIER = com.jnevalainen.HSLLiveMap;
				PRODUCT_NAME = "$(TARGET_NAME)";
				SWIFT_VERSION = 3.0;
			};
			name = Debug;
		};
		4422153D1E34C4F2006A82A0 /* Release */ = {
			isa = XCBuildConfiguration;
			baseConfigurationReference = 84E22010D93CB83669ECE828 /* Pods-HSLLiveMap.release.xcconfig */;
			buildSettings = {
				ASSETCATALOG_COMPILER_APPICON_NAME = AppIcon;
				INFOPLIST_FILE = HSLLiveMap/Info.plist;
				LD_RUNPATH_SEARCH_PATHS = "$(inherited) @executable_path/Frameworks";
				PRODUCT_BUNDLE_IDENTIFIER = com.jnevalainen.HSLLiveMap;
				PRODUCT_NAME = "$(TARGET_NAME)";
				SWIFT_VERSION = 3.0;
			};
			name = Release;
		};
/* End XCBuildConfiguration section */

/* Begin XCConfigurationList section */
		442215221E34C4F2006A82A0 /* Build configuration list for PBXProject "HSLLiveMap" */ = {
			isa = XCConfigurationList;
			buildConfigurations = (
				442215391E34C4F2006A82A0 /* Debug */,
				4422153A1E34C4F2006A82A0 /* Release */,
			);
			defaultConfigurationIsVisible = 0;
			defaultConfigurationName = Release;
		};
		4422153B1E34C4F2006A82A0 /* Build configuration list for PBXNativeTarget "HSLLiveMap" */ = {
			isa = XCConfigurationList;
			buildConfigurations = (
				4422153C1E34C4F2006A82A0 /* Debug */,
				4422153D1E34C4F2006A82A0 /* Release */,
			);
			defaultConfigurationIsVisible = 0;
			defaultConfigurationName = Release;
		};
/* End XCConfigurationList section */
	};
	rootObject = 4422151F1E34C4F2006A82A0 /* Project object */;
}
